
Microsoft Visual Studio Solution File, Format Version 12.00
# Visual Studio 2015
Project("{FAE04EC0-301F-11D3-BF4B-00C04F79EFBC}") = "Self driving car.CSharp.Plugins", "Self driving car.CSharp.Plugins.csproj", "{DF257B4D-A135-E9C5-CB6A-E0371EEC1EC3}"
EndProject
Project("{FAE04EC0-301F-11D3-BF4B-00C04F79EFBC}") = "Self driving car.CSharp", "Self driving car.CSharp.csproj", "{386B5EA0-3D11-C1E2-221B-EE55CB80ECAA}"
EndProject
Global
	GlobalSection(SolutionConfigurationPlatforms) = preSolution
		Debug|Any CPU = Debug|Any CPU
		Release|Any CPU = Release|Any CPU
	EndGlobalSection
	GlobalSection(ProjectConfigurationPlatforms) = postSolution
		{DF257B4D-A135-E9C5-CB6A-E0371EEC1EC3}.Debug|Any CPU.ActiveCfg = Debug|Any CPU
		{DF257B4D-A135-E9C5-CB6A-E0371EEC1EC3}.Debug|Any CPU.Build.0 = Debug|Any CPU
		{DF257B4D-A135-E9C5-CB6A-E0371EEC1EC3}.Release|Any CPU.ActiveCfg = Release|Any CPU
		{DF257B4D-A135-E9C5-CB6A-E0371EEC1EC3}.Release|Any CPU.Build.0 = Release|Any CPU
		{386B5EA0-3D11-C1E2-221B-EE55CB80ECAA}.Debug|Any CPU.ActiveCfg = Debug|Any CPU
		{386B5EA0-3D11-C1E2-221B-EE55CB80ECAA}.Debug|Any CPU.Build.0 = Debug|Any CPU
		{386B5EA0-3D11-C1E2-221B-EE55CB80ECAA}.Release|Any CPU.ActiveCfg = Release|Any CPU
		{386B5EA0-3D11-C1E2-221B-EE55CB80ECAA}.Release|Any CPU.Build.0 = Release|Any CPU
	EndGlobalSection
	GlobalSection(SolutionProperties) = preSolution
		HideSolutionNode = FALSE
	EndGlobalSection
EndGlobal
